<Solution>
  <Folder Name="/Data/" />
  <Folder Name="/Logs/" />
  <Folder Name="/Logs/client/">
    <File Path="rejected_client.csv" />
  </Folder>
  <Folder Name="/Logs/server/">
    <File Path="rejects.csv" />
  </Folder>
  <Project Path="Client/Client.csproj" Id="b2111c02-e19e-4efa-b113-3a51925b5824" />
  <Project Path="Contracts/Contracts.csproj" Id="fb891654-d267-478b-b2a7-409dc6f7cef8" />
  <Project Path="Server/Server.csproj" Id="20eb4219-1dae-49e1-b477-ea6ca89aaf33" />
</Solution>
